
Microsoft Visual Studio Solution File, Format Version 12.00
# Visual Studio Version 16
VisualStudioVersion = 16.0.31702.278
MinimumVisualStudioVersion = 10.0.40219.1
Project("{FAE04EC0-301F-11D3-BF4B-00C04F79EFBC}") = "TeachMeSkills.Siniauski.Homework1", "src\TeachMeSkills.Siniauski.Homework1\TeachMeSkills.Siniauski.Homework1.csproj", "{F033111A-49EF-40AD-873B-2CC71F322F20}"
EndProject
Global
	GlobalSection(SolutionConfigurationPlatforms) = preSolution
		Debug|Any CPU = Debug|Any CPU
		Release|Any CPU = Release|Any CPU
	EndGlobalSection
	GlobalSection(ProjectConfigurationPlatforms) = postSolution
		{F033111A-49EF-40AD-873B-2CC71F322F20}.Debug|Any CPU.ActiveCfg = Debug|Any CPU
		{F033111A-49EF-40AD-873B-2CC71F322F20}.Debug|Any CPU.Build.0 = Debug|Any CPU
		{F033111A-49EF-40AD-873B-2CC71F322F20}.Release|Any CPU.ActiveCfg = Release|Any CPU
		{F033111A-49EF-40AD-873B-2CC71F322F20}.Release|Any CPU.Build.0 = Release|Any CPU
	EndGlobalSection
	GlobalSection(SolutionProperties) = preSolution
		HideSolutionNode = FALSE
	EndGlobalSection
	GlobalSection(ExtensibilityGlobals) = postSolution
		SolutionGuid = {CC3C3989-FEA8-4F74-A0DA-83CC25860E0A}
	EndGlobalSection
EndGlobal
